github.com/src-d/envconfig v1.0.0 h1:/AJi6DtjFhZKNx3OB2qMsq7y4yT5//AeSZIe7rk+PX8=
github.com/src-d/envconfig v1.0.0/go.mod h1:Q9YQZ7BKITldTBnoxsE5gOeB5y66RyPXeue/R4aaNBc=
golang.org/x/net v0.0.0-20181201002055-351d144fa1fc h1:a3CU5tJYVj92DY2LaA1kUkrsqD5/3mLDhx2NcNqyW+0=
golang.org/x/net v0.0.0-20181201002055-351d144fa1fc/go.mod h1:mL1N/T3taQHkDXs73rZJwtUhF3w3ftmwwsq0BUmARs4=
